
Microsoft Visual Studio Solution File, Format Version 12.00
Project("{FAE04EC0-301F-11D3-BF4B-00C04F79EFBC}") = "TetPee", "TetPee\TetPee.csproj", "{958BC103-F7F4-4F97-9978-8B0EB01E28E3}"
EndProject
Project("{FAE04EC0-301F-11D3-BF4B-00C04F79EFBC}") = "TetPee.Repository", "TetPee.Repository\TetPee.Repository.csproj", "{BE4EA2BB-C957-446B-A0D8-8FFA31053294}"
EndProject
Project("{FAE04EC0-301F-11D3-BF4B-00C04F79EFBC}") = "TetPee.Service", "TetPee.Service\TetPee.Service.csproj", "{3A6B04DE-84A0-42EC-9BF5-4427247A677F}"
EndProject
Global
	GlobalSection(SolutionConfigurationPlatforms) = preSolution
		Debug|Any CPU = Debug|Any CPU
		Release|Any CPU = Release|Any CPU
	EndGlobalSection
	GlobalSection(ProjectConfigurationPlatforms) = postSolution
		{958BC103-F7F4-4F97-9978-8B0EB01E28E3}.Debug|Any CPU.ActiveCfg = Debug|Any CPU
		{958BC103-F7F4-4F97-9978-8B0EB01E28E3}.Debug|Any CPU.Build.0 = Debug|Any CPU
		{958BC103-F7F4-4F97-9978-8B0EB01E28E3}.Release|Any CPU.ActiveCfg = Release|Any CPU
		{958BC103-F7F4-4F97-9978-8B0EB01E28E3}.Release|Any CPU.Build.0 = Release|Any CPU
		{BE4EA2BB-C957-446B-A0D8-8FFA31053294}.Debug|Any CPU.ActiveCfg = Debug|Any CPU
		{BE4EA2BB-C957-446B-A0D8-8FFA31053294}.Debug|Any CPU.Build.0 = Debug|Any CPU
		{BE4EA2BB-C957-446B-A0D8-8FFA31053294}.Release|Any CPU.ActiveCfg = Release|Any CPU
		{BE4EA2BB-C957-446B-A0D8-8FFA31053294}.Release|Any CPU.Build.0 = Release|Any CPU
		{3A6B04DE-84A0-42EC-9BF5-4427247A677F}.Debug|Any CPU.ActiveCfg = Debug|Any CPU
		{3A6B04DE-84A0-42EC-9BF5-4427247A677F}.Debug|Any CPU.Build.0 = Debug|Any CPU
		{3A6B04DE-84A0-42EC-9BF5-4427247A677F}.Release|Any CPU.ActiveCfg = Release|Any CPU
		{3A6B04DE-84A0-42EC-9BF5-4427247A677F}.Release|Any CPU.Build.0 = Release|Any CPU
	EndGlobalSection
EndGlobal
